{
  "name": "phosphor",
  "lockfileVersion": 3,
  "requires": true,
  "packages": {
    "": {
      "dependencies": {
        "@phosphor-icons/core": "^2.1.1"
      }
    },
    "node_modules/@phosphor-icons/core": {
      "version": "2.1.1",
      "resolved": "https://registry.npmjs.org/@phosphor-icons/core/-/core-2.1.1.tgz",
      "integrity": "sha512-v4ARvrip4qBCImOE5rmPUylOEK4iiED9ZyKjcvzuezqMaiRASCHKcRIuvvxL/twvLpkfnEODCOJp5dM4eZilxQ==",
      "license": "MIT"
    }
  }
}
